
Microsoft Visual Studio Solution File, Format Version 12.00
Project("{FAE04EC0-301F-11D3-BF4B-00C04F79EFBC}") = "DepsUpgradeAssistant", "DepsUpgradeAssistant\DepsUpgradeAssistant.csproj", "{2C31FB79-D9B5-4B81-A904-C281E2F90714}"
EndProject
Global
	GlobalSection(SolutionConfigurationPlatforms) = preSolution
		Debug|Any CPU = Debug|Any CPU
		Release|Any CPU = Release|Any CPU
	EndGlobalSection
	GlobalSection(ProjectConfigurationPlatforms) = postSolution
		{2C31FB79-D9B5-4B81-A904-C281E2F90714}.Debug|Any CPU.ActiveCfg = Debug|Any CPU
		{2C31FB79-D9B5-4B81-A904-C281E2F90714}.Debug|Any CPU.Build.0 = Debug|Any CPU
		{2C31FB79-D9B5-4B81-A904-C281E2F90714}.Release|Any CPU.ActiveCfg = Release|Any CPU
		{2C31FB79-D9B5-4B81-A904-C281E2F90714}.Release|Any CPU.Build.0 = Release|Any CPU
	EndGlobalSection
EndGlobal
